{
  "name": "lookview-loader",
  "version": "0.1.0-beta",
  "lockfileVersion": 1,
  "requires": true,
  "dependencies": {
    "@yelloxing/core.js": {
      "version": "0.3.7",
      "resolved": "https://registry.npmjs.org/@yelloxing/core.js/-/core.js-0.3.7.tgz",
      "integrity": "sha512-E7cVTFSfCqGsxGT1XUne8hjNeHFYPVwfjTsfHrtdPAnJD6zdRPfozaeJ5JT/42YwUR2ei2iy4BDNIBLpaT2AJw=="
    },
    "xhtml-engine": {
      "version": "2.0.1",
      "resolved": "https://registry.npmjs.org/xhtml-engine/-/xhtml-engine-2.0.1.tgz",
      "integrity": "sha512-iAlG4So2dUF7S2HMEQ5ZLOUGnASxDRiyCmziSt2eZk6Jn6GewS3ewSXUN8+j5WlQ2PmnsquTj6xkHiphJULrTg==",
      "requires": {
        "@yelloxing/core.js": "^0.3.7"
      }
    }
  }
}
